// !$*UTF8*$!
{
	archiveVersion = 1;
	classes = {
	};
	objectVersion = 46;
	objects = {

/* Begin PBXBuildFile section */
		661EEAA01557D9E800593039 /* Mobile.m in Sources */ = {isa = PBXBuildFile; fileRef = 661EEA9F1557D9E800593039 /* Mobile.m */; };
		661EEAA31557DA4F00593039 /* MapEditCamera.m in Sources */ = {isa = PBXBuildFile; fileRef = 661EEAA21557DA4F00593039 /* MapEditCamera.m */; };
		661EEAAA1557E65B00593039 /* MapHighlightView.m in Sources */ = {isa = PBXBuildFile; fileRef = 661EEAA91557E65B00593039 /* MapHighlightView.m */; };
		66392128154AC25A00822595 /* tile_floor.png in Resources */ = {isa = PBXBuildFile; fileRef = 66392127154AC25A00822595 /* tile_floor.png */; };
		668A68FE15412C7C00FED6F9 /* CrawlerMapViewController.m in Sources */ = {isa = PBXBuildFile; fileRef = 668A68FD15412C7C00FED6F9 /* CrawlerMapViewController.m */; };
		668A690615412FDB00FED6F9 /* World.m in Sources */ = {isa = PBXBuildFile; fileRef = 668A690515412FDB00FED6F9 /* World.m */; };
		668A690915412FDB00FED6F9 /* Map.m in Sources */ = {isa = PBXBuildFile; fileRef = 668A690815412FDB00FED6F9 /* Map.m */; };
		668A691A1541852200FED6F9 /* Crawler.xcdatamodeld in Sources */ = {isa = PBXBuildFile; fileRef = 668A69181541852200FED6F9 /* Crawler.xcdatamodeld */; };
		668A6921154255AC00FED6F9 /* Cell.m in Sources */ = {isa = PBXBuildFile; fileRef = 668A6920154255AC00FED6F9 /* Cell.m */; };
		668A69241542560F00FED6F9 /* Cell+helper.m in Sources */ = {isa = PBXBuildFile; fileRef = 668A69231542560F00FED6F9 /* Cell+helper.m */; };
		668A69271542588900FED6F9 /* Map+helper.m in Sources */ = {isa = PBXBuildFile; fileRef = 668A69261542588900FED6F9 /* Map+helper.m */; };
		66CF662E1540B674007C39E5 /* UIKit.framework in Frameworks */ = {isa = PBXBuildFile; fileRef = 66CF662D1540B674007C39E5 /* UIKit.framework */; };
		66CF66301540B674007C39E5 /* Foundation.framework in Frameworks */ = {isa = PBXBuildFile; fileRef = 66CF662F1540B674007C39E5 /* Foundation.framework */; };
		66CF66321540B674007C39E5 /* CoreGraphics.framework in Frameworks */ = {isa = PBXBuildFile; fileRef = 66CF66311540B674007C39E5 /* CoreGraphics.framework */; };
		66CF66341540B674007C39E5 /* CoreData.framework in Frameworks */ = {isa = PBXBuildFile; fileRef = 66CF66331540B674007C39E5 /* CoreData.framework */; };
		66CF663A1540B674007C39E5 /* InfoPlist.strings in Resources */ = {isa = PBXBuildFile; fileRef = 66CF66381540B674007C39E5 /* InfoPlist.strings */; };
		66CF663C1540B674007C39E5 /* main.m in Sources */ = {isa = PBXBuildFile; fileRef = 66CF663B1540B674007C39E5 /* main.m */; };
		66CF66401540B674007C39E5 /* AppDelegate.m in Sources */ = {isa = PBXBuildFile; fileRef = 66CF663F1540B674007C39E5 /* AppDelegate.m */; };
		66CF66431540B675007C39E5 /* MainStoryboard.storyboard in Resources */ = {isa = PBXBuildFile; fileRef = 66CF66411540B675007C39E5 /* MainStoryboard.storyboard */; };
		66CF66541540D655007C39E5 /* CrawlerMapView.m in Sources */ = {isa = PBXBuildFile; fileRef = 66CF66531540D655007C39E5 /* CrawlerMapView.m */; };
		66F3DF461544DF3500E997FE /* QuartzCore.framework in Frameworks */ = {isa = PBXBuildFile; fileRef = 66F3DF451544DF3500E997FE /* QuartzCore.framework */; };
		66F3DF491544DF3D00E997FE /* OpenGLES.framework in Frameworks */ = {isa = PBXBuildFile; fileRef = 66F3DF481544DF3D00E997FE /* OpenGLES.framework */; };
		66F3DF4B1544DF4400E997FE /* GLKit.framework in Frameworks */ = {isa = PBXBuildFile; fileRef = 66F3DF4A1544DF4400E997FE /* GLKit.framework */; };
/* End PBXBuildFile section */

/* Begin PBXFileReference section */
		661EEA9E1557D9E800593039 /* Mobile.h */ = {isa = PBXFileReference; fileEncoding = 4; lastKnownFileType = sourcecode.c.h; name = Mobile.h; path = Mobiles/Mobile.h; sourceTree = "<group>"; };
		661EEA9F1557D9E800593039 /* Mobile.m */ = {isa = PBXFileReference; fileEncoding = 4; lastKnownFileType = sourcecode.c.objc; name = Mobile.m; path = Mobiles/Mobile.m; sourceTree = "<group>"; };
		661EEAA11557DA4F00593039 /* MapEditCamera.h */ = {isa = PBXFileReference; fileEncoding = 4; lastKnownFileType = sourcecode.c.h; name = MapEditCamera.h; path = Mobiles/MapEditCamera.h; sourceTree = "<group>"; };
		661EEAA21557DA4F00593039 /* MapEditCamera.m */ = {isa = PBXFileReference; fileEncoding = 4; lastKnownFileType = sourcecode.c.objc; name = MapEditCamera.m; path = Mobiles/MapEditCamera.m; sourceTree = "<group>"; };
		661EEAA81557E65B00593039 /* MapHighlightView.h */ = {isa = PBXFileReference; fileEncoding = 4; lastKnownFileType = sourcecode.c.h; name = MapHighlightView.h; path = Mapping/MapHighlightView.h; sourceTree = "<group>"; };
		661EEAA91557E65B00593039 /* MapHighlightView.m */ = {isa = PBXFileReference; fileEncoding = 4; lastKnownFileType = sourcecode.c.objc; name = MapHighlightView.m; path = Mapping/MapHighlightView.m; sourceTree = "<group>"; };
		661EEAAC1557EA4A00593039 /* MapStuff.h */ = {isa = PBXFileReference; lastKnownFileType = sourcecode.c.h; name = MapStuff.h; path = Mapping/MapStuff.h; sourceTree = "<group>"; };
		661EEAAD1557EB2300593039 /* MapEditCameraDelegate.h */ = {isa = PBXFileReference; lastKnownFileType = sourcecode.c.h; name = MapEditCameraDelegate.h; path = Mapping/MapEditCameraDelegate.h; sourceTree = "<group>"; };
		66392127154AC25A00822595 /* tile_floor.png */ = {isa = PBXFileReference; lastKnownFileType = image.png; path = tile_floor.png; sourceTree = "<group>"; };
		668A68FC15412C7C00FED6F9 /* CrawlerMapViewController.h */ = {isa = PBXFileReference; fileEncoding = 4; lastKnownFileType = sourcecode.c.h; name = CrawlerMapViewController.h; path = Mapping/CrawlerMapViewController.h; sourceTree = "<group>"; };
		668A68FD15412C7C00FED6F9 /* CrawlerMapViewController.m */ = {isa = PBXFileReference; fileEncoding = 4; lastKnownFileType = sourcecode.c.objc; name = CrawlerMapViewController.m; path = Mapping/CrawlerMapViewController.m; sourceTree = "<group>"; };
		668A690415412FDB00FED6F9 /* World.h */ = {isa = PBXFileReference; fileEncoding = 4; lastKnownFileType = sourcecode.c.h; name = World.h; path = "Core Data/World.h"; sourceTree = "<group>"; };
		668A690515412FDB00FED6F9 /* World.m */ = {isa = PBXFileReference; fileEncoding = 4; lastKnownFileType = sourcecode.c.objc; name = World.m; path = "Core Data/World.m"; sourceTree = "<group>"; };
		668A690715412FDB00FED6F9 /* Map.h */ = {isa = PBXFileReference; fileEncoding = 4; lastKnownFileType = sourcecode.c.h; name = Map.h; path = "Core Data/Map.h"; sourceTree = "<group>"; };
		668A690815412FDB00FED6F9 /* Map.m */ = {isa = PBXFileReference; fileEncoding = 4; lastKnownFileType = sourcecode.c.objc; name = Map.m; path = "Core Data/Map.m"; sourceTree = "<group>"; };
		668A690A15412FF100FED6F9 /* DataModel.h */ = {isa = PBXFileReference; lastKnownFileType = sourcecode.c.h; name = DataModel.h; path = "Core Data/DataModel.h"; sourceTree = "<group>"; };
		668A69191541852200FED6F9 /* Crawler.xcdatamodel */ = {isa = PBXFileReference; lastKnownFileType = wrapper.xcdatamodel; path = Crawler.xcdatamodel; sourceTree = "<group>"; };
		668A691B154187E700FED6F9 /* CrawlerMapViewDelegate.h */ = {isa = PBXFileReference; lastKnownFileType = sourcecode.c.h; path = CrawlerMapViewDelegate.h; sourceTree = "<group>"; };
		668A691F154255AC00FED6F9 /* Cell.h */ = {isa = PBXFileReference; fileEncoding = 4; lastKnownFileType = sourcecode.c.h; name = Cell.h; path = "Core Data/Cell.h"; sourceTree = "<group>"; };
		668A6920154255AC00FED6F9 /* Cell.m */ = {isa = PBXFileReference; fileEncoding = 4; lastKnownFileType = sourcecode.c.objc; name = Cell.m; path = "Core Data/Cell.m"; sourceTree = "<group>"; };
		668A69221542560F00FED6F9 /* Cell+helper.h */ = {isa = PBXFileReference; fileEncoding = 4; lastKnownFileType = sourcecode.c.h; name = "Cell+helper.h"; path = "Core Data/Cell+helper.h"; sourceTree = "<group>"; };
		668A69231542560F00FED6F9 /* Cell+helper.m */ = {isa = PBXFileReference; fileEncoding = 4; lastKnownFileType = sourcecode.c.objc; name = "Cell+helper.m"; path = "Core Data/Cell+helper.m"; sourceTree = "<group>"; };
		668A69251542588900FED6F9 /* Map+helper.h */ = {isa = PBXFileReference; fileEncoding = 4; lastKnownFileType = sourcecode.c.h; name = "Map+helper.h"; path = "Core Data/Map+helper.h"; sourceTree = "<group>"; };
		668A69261542588900FED6F9 /* Map+helper.m */ = {isa = PBXFileReference; fileEncoding = 4; lastKnownFileType = sourcecode.c.objc; name = "Map+helper.m"; path = "Core Data/Map+helper.m"; sourceTree = "<group>"; };
		66CF66291540B674007C39E5 /* Crawler.app */ = {isa = PBXFileReference; explicitFileType = wrapper.application; includeInIndex = 0; path = Crawler.app; sourceTree = BUILT_PRODUCTS_DIR; };
		66CF662D1540B674007C39E5 /* UIKit.framework */ = {isa = PBXFileReference; lastKnownFileType = wrapper.framework; name = UIKit.framework; path = System/Library/Frameworks/UIKit.framework; sourceTree = SDKROOT; };
		66CF662F1540B674007C39E5 /* Foundation.framework */ = {isa = PBXFileReference; lastKnownFileType = wrapper.framework; name = Foundation.framework; path = System/Library/Frameworks/Foundation.framework; sourceTree = SDKROOT; };
		66CF66311540B674007C39E5 /* CoreGraphics.framework */ = {isa = PBXFileReference; lastKnownFileType = wrapper.framework; name = CoreGraphics.framework; path = System/Library/Frameworks/CoreGraphics.framework; sourceTree = SDKROOT; };
		66CF66331540B674007C39E5 /* CoreData.framework */ = {isa = PBXFileReference; lastKnownFileType = wrapper.framework; name = CoreData.framework; path = System/Library/Frameworks/CoreData.framework; sourceTree = SDKROOT; };
		66CF66371540B674007C39E5 /* Crawler-Info.plist */ = {isa = PBXFileReference; lastKnownFileType = text.plist.xml; path = "Crawler-Info.plist"; sourceTree = "<group>"; };
		66CF66391540B674007C39E5 /* en */ = {isa = PBXFileReference; lastKnownFileType = text.plist.strings; name = en; path = en.lproj/InfoPlist.strings; sourceTree = "<group>"; };
		66CF663B1540B674007C39E5 /* main.m */ = {isa = PBXFileReference; lastKnownFileType = sourcecode.c.objc; path = main.m; sourceTree = "<group>"; };
		66CF663D1540B674007C39E5 /* Crawler-Prefix.pch */ = {isa = PBXFileReference; lastKnownFileType = sourcecode.c.h; path = "Crawler-Prefix.pch"; sourceTree = "<group>"; };
		66CF663E1540B674007C39E5 /* AppDelegate.h */ = {isa = PBXFileReference; lastKnownFileType = sourcecode.c.h; path = AppDelegate.h; sourceTree = "<group>"; };
		66CF663F1540B674007C39E5 /* AppDelegate.m */ = {isa = PBXFileReference; lastKnownFileType = sourcecode.c.objc; path = AppDelegate.m; sourceTree = "<group>"; };
		66CF66421540B675007C39E5 /* en */ = {isa = PBXFileReference; lastKnownFileType = file.storyboard; name = en; path = en.lproj/MainStoryboard.storyboard; sourceTree = "<group>"; };
		66CF66521540D655007C39E5 /* CrawlerMapView.h */ = {isa = PBXFileReference; fileEncoding = 4; lastKnownFileType = sourcecode.c.h; name = CrawlerMapView.h; path = Mapping/CrawlerMapView.h; sourceTree = "<group>"; };
		66CF66531540D655007C39E5 /* CrawlerMapView.m */ = {isa = PBXFileReference; fileEncoding = 4; lastKnownFileType = sourcecode.c.objc; name = CrawlerMapView.m; path = Mapping/CrawlerMapView.m; sourceTree = "<group>"; };
		66F3DF451544DF3500E997FE /* QuartzCore.framework */ = {isa = PBXFileReference; lastKnownFileType = wrapper.framework; name = QuartzCore.framework; path = System/Library/Frameworks/QuartzCore.framework; sourceTree = SDKROOT; };
		66F3DF481544DF3D00E997FE /* OpenGLES.framework */ = {isa = PBXFileReference; lastKnownFileType = wrapper.framework; name = OpenGLES.framework; path = System/Library/Frameworks/OpenGLES.framework; sourceTree = SDKROOT; };
		66F3DF4A1544DF4400E997FE /* GLKit.framework */ = {isa = PBXFileReference; lastKnownFileType = wrapper.framework; name = GLKit.framework; path = System/Library/Frameworks/GLKit.framework; sourceTree = SDKROOT; };
/* End PBXFileReference section */

/* Begin PBXFrameworksBuildPhase section */
		66CF66261540B674007C39E5 /* Frameworks */ = {
			isa = PBXFrameworksBuildPhase;
			buildActionMask = 2147483647;
			files = (
				66F3DF4B1544DF4400E997FE /* GLKit.framework in Frameworks */,
				66F3DF491544DF3D00E997FE /* OpenGLES.framework in Frameworks */,
				66F3DF461544DF3500E997FE /* QuartzCore.framework in Frameworks */,
				66CF662E1540B674007C39E5 /* UIKit.framework in Frameworks */,
				66CF66301540B674007C39E5 /* Foundation.framework in Frameworks */,
				66CF66321540B674007C39E5 /* CoreGraphics.framework in Frameworks */,
				66CF66341540B674007C39E5 /* CoreData.framework in Frameworks */,
			);
			runOnlyForDeploymentPostprocessing = 0;
		};
/* End PBXFrameworksBuildPhase section */

/* Begin PBXGroup section */
		661EEA9C1557D9B700593039 /* Mobiles */ = {
			isa = PBXGroup;
			children = (
				661EEA9E1557D9E800593039 /* Mobile.h */,
				661EEA9F1557D9E800593039 /* Mobile.m */,
				661EEAA11557DA4F00593039 /* MapEditCamera.h */,
				661EEAA21557DA4F00593039 /* MapEditCamera.m */,
				661EEAAD1557EB2300593039 /* MapEditCameraDelegate.h */,
			);
			name = Mobiles;
			sourceTree = "<group>";
		};
		66392126154AC24C00822595 /* Resources */ = {
			isa = PBXGroup;
			children = (
				66392127154AC25A00822595 /* tile_floor.png */,
			);
			name = Resources;
			sourceTree = "<group>";
		};
		668A690015412FBC00FED6F9 /* Core Data */ = {
			isa = PBXGroup;
			children = (
				668A690A15412FF100FED6F9 /* DataModel.h */,
				668A69181541852200FED6F9 /* Crawler.xcdatamodeld */,
				668A690715412FDB00FED6F9 /* Map.h */,
				668A690815412FDB00FED6F9 /* Map.m */,
				668A69251542588900FED6F9 /* Map+helper.h */,
				668A69261542588900FED6F9 /* Map+helper.m */,
				668A690415412FDB00FED6F9 /* World.h */,
				668A690515412FDB00FED6F9 /* World.m */,
				668A691F154255AC00FED6F9 /* Cell.h */,
				668A6920154255AC00FED6F9 /* Cell.m */,
				668A69221542560F00FED6F9 /* Cell+helper.h */,
				668A69231542560F00FED6F9 /* Cell+helper.m */,
			);
			name = "Core Data";
			sourceTree = "<group>";
		};
		66CF661E1540B674007C39E5 = {
			isa = PBXGroup;
			children = (
				66CF66351540B674007C39E5 /* Crawler */,
				66CF662C1540B674007C39E5 /* Frameworks */,
				66CF662A1540B674007C39E5 /* Products */,
			);
			sourceTree = "<group>";
		};
		66CF662A1540B674007C39E5 /* Products */ = {
			isa = PBXGroup;
			children = (
				66CF66291540B674007C39E5 /* Crawler.app */,
			);
			name = Products;
			sourceTree = "<group>";
		};
		66CF662C1540B674007C39E5 /* Frameworks */ = {
			isa = PBXGroup;
			children = (
				66F3DF4A1544DF4400E997FE /* GLKit.framework */,
				66F3DF481544DF3D00E997FE /* OpenGLES.framework */,
				66F3DF451544DF3500E997FE /* QuartzCore.framework */,
				66CF662D1540B674007C39E5 /* UIKit.framework */,
				66CF662F1540B674007C39E5 /* Foundation.framework */,
				66CF66311540B674007C39E5 /* CoreGraphics.framework */,
				66CF66331540B674007C39E5 /* CoreData.framework */,
			);
			name = Frameworks;
			sourceTree = "<group>";
		};
		66CF66351540B674007C39E5 /* Crawler */ = {
			isa = PBXGroup;
			children = (
				661EEA9C1557D9B700593039 /* Mobiles */,
				66392126154AC24C00822595 /* Resources */,
				66CF66411540B675007C39E5 /* MainStoryboard.storyboard */,
				668A690015412FBC00FED6F9 /* Core Data */,
				66CF66551540D65A007C39E5 /* Mapping */,
				66CF663E1540B674007C39E5 /* AppDelegate.h */,
				66CF663F1540B674007C39E5 /* AppDelegate.m */,
				66CF66361540B674007C39E5 /* Supporting Files */,
			);
			path = Crawler;
			sourceTree = "<group>";
		};
		66CF66361540B674007C39E5 /* Supporting Files */ = {
			isa = PBXGroup;
			children = (
				66CF66371540B674007C39E5 /* Crawler-Info.plist */,
				66CF66381540B674007C39E5 /* InfoPlist.strings */,
				66CF663B1540B674007C39E5 /* main.m */,
				66CF663D1540B674007C39E5 /* Crawler-Prefix.pch */,
			);
			name = "Supporting Files";
			sourceTree = "<group>";
		};
		66CF66551540D65A007C39E5 /* Mapping */ = {
			isa = PBXGroup;
			children = (
				661EEAAC1557EA4A00593039 /* MapStuff.h */,
				661EEAA81557E65B00593039 /* MapHighlightView.h */,
				661EEAA91557E65B00593039 /* MapHighlightView.m */,
				66CF66521540D655007C39E5 /* CrawlerMapView.h */,
				66CF66531540D655007C39E5 /* CrawlerMapView.m */,
				668A691B154187E700FED6F9 /* CrawlerMapViewDelegate.h */,
				668A68FC15412C7C00FED6F9 /* CrawlerMapViewController.h */,
				668A68FD15412C7C00FED6F9 /* CrawlerMapViewController.m */,
			);
			name = Mapping;
			sourceTree = "<group>";
		};
/* End PBXGroup section */

/* Begin PBXNativeTarget section */
		66CF66281540B674007C39E5 /* Crawler */ = {
			isa = PBXNativeTarget;
			buildConfigurationList = 66CF664F1540B675007C39E5 /* Build configuration list for PBXNativeTarget "Crawler" */;
			buildPhases = (
				66CF66251540B674007C39E5 /* Sources */,
				66CF66261540B674007C39E5 /* Frameworks */,
				66CF66271540B674007C39E5 /* Resources */,
			);
			buildRules = (
			);
			dependencies = (
			);
			name = Crawler;
			productName = Crawler;
			productReference = 66CF66291540B674007C39E5 /* Crawler.app */;
			productType = "com.apple.product-type.application";
		};
/* End PBXNativeTarget section */

/* Begin PBXProject section */
		66CF66201540B674007C39E5 /* Project object */ = {
			isa = PBXProject;
			attributes = {
				LastUpgradeCheck = 0430;
				ORGANIZATIONNAME = "Adam Eberbach";
			};
			buildConfigurationList = 66CF66231540B674007C39E5 /* Build configuration list for PBXProject "Crawler" */;
			compatibilityVersion = "Xcode 3.2";
			developmentRegion = English;
			hasScannedForEncodings = 0;
			knownRegions = (
				en,
			);
			mainGroup = 66CF661E1540B674007C39E5;
			productRefGroup = 66CF662A1540B674007C39E5 /* Products */;
			projectDirPath = "";
			projectRoot = "";
			targets = (
				66CF66281540B674007C39E5 /* Crawler */,
			);
		};
/* End PBXProject section */

/* Begin PBXResourcesBuildPhase section */
		66CF66271540B674007C39E5 /* Resources */ = {
			isa = PBXResourcesBuildPhase;
			buildActionMask = 2147483647;
			files = (
				66CF663A1540B674007C39E5 /* InfoPlist.strings in Resources */,
				66CF66431540B675007C39E5 /* MainStoryboard.storyboard in Resources */,
				66392128154AC25A00822595 /* tile_floor.png in Resources */,
			);
			runOnlyForDeploymentPostprocessing = 0;
		};
/* End PBXResourcesBuildPhase section */

/* Begin PBXSourcesBuildPhase section */
		66CF66251540B674007C39E5 /* Sources */ = {
			isa = PBXSourcesBuildPhase;
			buildActionMask = 2147483647;
			files = (
				66CF663C1540B674007C39E5 /* main.m in Sources */,
				66CF66401540B674007C39E5 /* AppDelegate.m in Sources */,
				66CF66541540D655007C39E5 /* CrawlerMapView.m in Sources */,
				668A68FE15412C7C00FED6F9 /* CrawlerMapViewController.m in Sources */,
				668A690615412FDB00FED6F9 /* World.m in Sources */,
				668A690915412FDB00FED6F9 /* Map.m in Sources */,
				668A691A1541852200FED6F9 /* Crawler.xcdatamodeld in Sources */,
				668A6921154255AC00FED6F9 /* Cell.m in Sources */,
				668A69241542560F00FED6F9 /* Cell+helper.m in Sources */,
				668A69271542588900FED6F9 /* Map+helper.m in Sources */,
				661EEAA01557D9E800593039 /* Mobile.m in Sources */,
				661EEAA31557DA4F00593039 /* MapEditCamera.m in Sources */,
				661EEAAA1557E65B00593039 /* MapHighlightView.m in Sources */,
			);
			runOnlyForDeploymentPostprocessing = 0;
		};
/* End PBXSourcesBuildPhase section */

/* Begin PBXVariantGroup section */
		66CF66381540B674007C39E5 /* InfoPlist.strings */ = {
			isa = PBXVariantGroup;
			children = (
				66CF66391540B674007C39E5 /* en */,
			);
			name = InfoPlist.strings;
			sourceTree = "<group>";
		};
		66CF66411540B675007C39E5 /* MainStoryboard.storyboard */ = {
			isa = PBXVariantGroup;
			children = (
				66CF66421540B675007C39E5 /* en */,
			);
			name = MainStoryboard.storyboard;
			sourceTree = "<group>";
		};
/* End PBXVariantGroup section */

/* Begin XCBuildConfiguration section */
		66CF664D1540B675007C39E5 /* Debug */ = {
			isa = XCBuildConfiguration;
			buildSettings = {
				ALWAYS_SEARCH_USER_PATHS = NO;
				ARCHS = "$(ARCHS_STANDARD_32_BIT)";
				CLANG_ENABLE_OBJC_ARC = YES;
				"CODE_SIGN_IDENTITY[sdk=iphoneos*]" = "iPhone Developer";
				COPY_PHASE_STRIP = NO;
				GCC_C_LANGUAGE_STANDARD = gnu99;
				GCC_DYNAMIC_NO_PIC = NO;
				GCC_OPTIMIZATION_LEVEL = 0;
				GCC_PREPROCESSOR_DEFINITIONS = (
					"DEBUG=1",
					"$(inherited)",
				);
				GCC_SYMBOLS_PRIVATE_EXTERN = NO;
				GCC_VERSION = com.apple.compilers.llvm.clang.1_0;
				GCC_WARN_ABOUT_RETURN_TYPE = YES;
				GCC_WARN_UNINITIALIZED_AUTOS = YES;
				GCC_WARN_UNUSED_VARIABLE = YES;
				IPHONEOS_DEPLOYMENT_TARGET = 5.1;
				SDKROOT = iphoneos;
				TARGETED_DEVICE_FAMILY = 2;
			};
			name = Debug;
		};
		66CF664E1540B675007C39E5 /* Release */ = {
			isa = XCBuildConfiguration;
			buildSettings = {
				ALWAYS_SEARCH_USER_PATHS = NO;
				ARCHS = "$(ARCHS_STANDARD_32_BIT)";
				CLANG_ENABLE_OBJC_ARC = YES;
				"CODE_SIGN_IDENTITY[sdk=iphoneos*]" = "iPhone Developer";
				COPY_PHASE_STRIP = YES;
				GCC_C_LANGUAGE_STANDARD = gnu99;
				GCC_VERSION = com.apple.compilers.llvm.clang.1_0;
				GCC_WARN_ABOUT_RETURN_TYPE = YES;
				GCC_WARN_UNINITIALIZED_AUTOS = YES;
				GCC_WARN_UNUSED_VARIABLE = YES;
				IPHONEOS_DEPLOYMENT_TARGET = 5.1;
				OTHER_CFLAGS = "-DNS_BLOCK_ASSERTIONS=1";
				SDKROOT = iphoneos;
				TARGETED_DEVICE_FAMILY = 2;
				VALIDATE_PRODUCT = YES;
			};
			name = Release;
		};
		66CF66501540B675007C39E5 /* Debug */ = {
			isa = XCBuildConfiguration;
			buildSettings = {
				GCC_PRECOMPILE_PREFIX_HEADER = YES;
				GCC_PREFIX_HEADER = "Crawler/Crawler-Prefix.pch";
				INFOPLIST_FILE = "Crawler/Crawler-Info.plist";
				PRODUCT_NAME = "$(TARGET_NAME)";
				WRAPPER_EXTENSION = app;
			};
			name = Debug;
		};
		66CF66511540B675007C39E5 /* Release */ = {
			isa = XCBuildConfiguration;
			buildSettings = {
				GCC_PRECOMPILE_PREFIX_HEADER = YES;
				GCC_PREFIX_HEADER = "Crawler/Crawler-Prefix.pch";
				INFOPLIST_FILE = "Crawler/Crawler-Info.plist";
				PRODUCT_NAME = "$(TARGET_NAME)";
				WRAPPER_EXTENSION = app;
			};
			name = Release;
		};
/* End XCBuildConfiguration section */

/* Begin XCConfigurationList section */
		66CF66231540B674007C39E5 /* Build configuration list for PBXProject "Crawler" */ = {
			isa = XCConfigurationList;
			buildConfigurations = (
				66CF664D1540B675007C39E5 /* Debug */,
				66CF664E1540B675007C39E5 /* Release */,
			);
			defaultConfigurationIsVisible = 0;
			defaultConfigurationName = Release;
		};
		66CF664F1540B675007C39E5 /* Build configuration list for PBXNativeTarget "Crawler" */ = {
			isa = XCConfigurationList;
			buildConfigurations = (
				66CF66501540B675007C39E5 /* Debug */,
				66CF66511540B675007C39E5 /* Release */,
			);
			defaultConfigurationIsVisible = 0;
			defaultConfigurationName = Release;
		};
/* End XCConfigurationList section */

/* Begin XCVersionGroup section */
		668A69181541852200FED6F9 /* Crawler.xcdatamodeld */ = {
			isa = XCVersionGroup;
			children = (
				668A69191541852200FED6F9 /* Crawler.xcdatamodel */,
			);
			currentVersion = 668A69191541852200FED6F9 /* Crawler.xcdatamodel */;
			name = Crawler.xcdatamodeld;
			path = "Core Data/Crawler.xcdatamodeld";
			sourceTree = "<group>";
			versionGroupType = wrapper.xcdatamodel;
		};
/* End XCVersionGroup section */
	};
	rootObject = 66CF66201540B674007C39E5 /* Project object */;
}
